
Microsoft Visual Studio Solution File, Format Version 12.00
# Visual Studio 15
VisualStudioVersion = 15.0.28307.168
MinimumVisualStudioVersion = 10.0.40219.1
Project("{FAE04EC0-301F-11D3-BF4B-00C04F79EFBC}") = "DZRichPresenceClient", "DZRichPresenceClient\DZRichPresenceClient.csproj", "{B8780F19-D0AC-48B4-AC24-9E43C17801A6}"
EndProject
Global
	GlobalSection(SolutionConfigurationPlatforms) = preSolution
		Debug|Any CPU = Debug|Any CPU
		Release|Any CPU = Release|Any CPU
	EndGlobalSection
	GlobalSection(ProjectConfigurationPlatforms) = postSolution
		{B8780F19-D0AC-48B4-AC24-9E43C17801A6}.Debug|Any CPU.ActiveCfg = Debug|Any CPU
		{B8780F19-D0AC-48B4-AC24-9E43C17801A6}.Debug|Any CPU.Build.0 = Debug|Any CPU
		{B8780F19-D0AC-48B4-AC24-9E43C17801A6}.Release|Any CPU.ActiveCfg = Release|Any CPU
		{B8780F19-D0AC-48B4-AC24-9E43C17801A6}.Release|Any CPU.Build.0 = Release|Any CPU
	EndGlobalSection
	GlobalSection(SolutionProperties) = preSolution
		HideSolutionNode = FALSE
	EndGlobalSection
	GlobalSection(ExtensibilityGlobals) = postSolution
		SolutionGuid = {216D2E96-9AB0-4E2D-AC32-02718E6AE52E}
	EndGlobalSection
EndGlobal
